<?xml version="1.0" encoding="UTF-8"?>
<CONFIG>
  <ProjectOptions>
    <Version Value="12"/>
    <PathDelim Value="\"/>
    <General>
      <SessionStorage Value="InProjectDir"/>
      <Title Value="Gpio4PiMonitor"/>
      <Scaled Value="True"/>
      <ResourceType Value="res"/>
      <XPManifest>
        <DpiAware Value="True"/>
        <ExecutionLevel Value="requireAdministrator"/>
      </XPManifest>
      <Icon Value="0"/>
    </General>
    <BuildModes>
      <Item Name="Default" Default="True"/>
    </BuildModes>
    <PublishOptions>
      <Version Value="2"/>
      <UseFileFilters Value="True"/>
    </PublishOptions>
    <RunParams>
      <FormatVersion Value="2"/>
    </RunParams>
    <RequiredPackages>
      <Item>
        <PackageName Value="LCL"/>
      </Item>
    </RequiredPackages>
    <Units>
      <Unit>
        <Filename Value="Gpio4PiMonitor.lpr"/>
        <IsPartOfProject Value="True"/>
      </Unit>
      <Unit>
        <Filename Value="mainform.pas"/>
        <IsPartOfProject Value="True"/>
        <ComponentName Value="FormMain"/>
        <HasResources Value="True"/>
        <ResourceBaseClass Value="Form"/>
        <UnitName Value="MainForm"/>
      </Unit>
      <Unit>
        <Filename Value="gpiocheckbox.pas"/>
        <IsPartOfProject Value="True"/>
        <UnitName Value="GPIOcheckbox"/>
      </Unit>
      <Unit>
        <Filename Value="common.pas"/>
        <IsPartOfProject Value="True"/>
        <UnitName Value="Common"/>
      </Unit>
      <Unit>
        <Filename Value="raspimem.pas"/>
        <IsPartOfProject Value="True"/>
        <UnitName Value="RasPiMem"/>
      </Unit>
      <Unit>
        <Filename Value="clockform.pas"/>
        <IsPartOfProject Value="True"/>
        <ComponentName Value="FormClocks"/>
        <ResourceBaseClass Value="Form"/>
        <UnitName Value="ClockForm"/>
      </Unit>
      <Unit>
        <Filename Value="pwmform.pas"/>
        <IsPartOfProject Value="True"/>
        <ComponentName Value="FormPwm"/>
        <ResourceBaseClass Value="Form"/>
        <UnitName Value="PwmForm"/>
      </Unit>
      <Unit>
        <Filename Value="..\GpioDefs.pas"/>
        <IsPartOfProject Value="True"/>
      </Unit>
      <Unit>
        <Filename Value="overviewform.pas"/>
        <IsPartOfProject Value="True"/>
        <ComponentName Value="FormOverview"/>
        <HasResources Value="True"/>
        <ResourceBaseClass Value="Form"/>
        <UnitName Value="OverviewForm"/>
      </Unit>
      <Unit>
        <Filename Value="gpioextraform.pas"/>
        <IsPartOfProject Value="True"/>
        <ComponentName Value="FormGpioExtra"/>
        <HasResources Value="True"/>
        <ResourceBaseClass Value="Form"/>
        <UnitName Value="GpioExtraForm"/>
      </Unit>
      <Unit>
        <Filename Value="gpioextrastuff.pas"/>
        <IsPartOfProject Value="True"/>
        <UnitName Value="GpioExtraStuff"/>
      </Unit>
    </Units>
  </ProjectOptions>
  <CompilerOptions>
    <Version Value="11"/>
    <PathDelim Value="\"/>
    <Target>
      <Filename Value="Gpio4PiMonitor"/>
    </Target>
    <SearchPaths>
      <IncludeFiles Value="$(ProjOutDir)"/>
      <OtherUnitFiles Value=".."/>
      <UnitOutputDirectory Value="lib\$(TargetCPU)-$(TargetOS)"/>
    </SearchPaths>
    <Linking>
      <Options>
        <Win32>
          <GraphicApplication Value="True"/>
        </Win32>
      </Options>
    </Linking>
  </CompilerOptions>
  <Debugging>
    <Exceptions>
      <Item>
        <Name Value="EAbort"/>
      </Item>
      <Item>
        <Name Value="ECodetoolError"/>
      </Item>
      <Item>
        <Name Value="EFOpenError"/>
      </Item>
    </Exceptions>
  </Debugging>
</CONFIG>
